
Microsoft Visual Studio Solution File, Format Version 12.00
# Visual Studio 15
VisualStudioVersion = 15.0.28307.421
MinimumVisualStudioVersion = 10.0.40219.1
Project("{FAE04EC0-301F-11D3-BF4B-00C04F79EFBC}") = "Snake", "Snake\Snake.csproj", "{481D1F59-763E-462D-BE1D-0EFC0BA88ED7}"
EndProject
Project("{FAE04EC0-301F-11D3-BF4B-00C04F79EFBC}") = "SnakeTests", "SnakeTests\SnakeTests.csproj", "{0F014853-B411-4F75-ABAC-D7BED9CCF826}"
EndProject
Global
	GlobalSection(SolutionConfigurationPlatforms) = preSolution
		Debug|Any CPU = Debug|Any CPU
		Release|Any CPU = Release|Any CPU
	EndGlobalSection
	GlobalSection(ProjectConfigurationPlatforms) = postSolution
		{481D1F59-763E-462D-BE1D-0EFC0BA88ED7}.Debug|Any CPU.ActiveCfg = Debug|Any CPU
		{481D1F59-763E-462D-BE1D-0EFC0BA88ED7}.Debug|Any CPU.Build.0 = Debug|Any CPU
		{481D1F59-763E-462D-BE1D-0EFC0BA88ED7}.Release|Any CPU.ActiveCfg = Release|Any CPU
		{481D1F59-763E-462D-BE1D-0EFC0BA88ED7}.Release|Any CPU.Build.0 = Release|Any CPU
		{0F014853-B411-4F75-ABAC-D7BED9CCF826}.Debug|Any CPU.ActiveCfg = Debug|Any CPU
		{0F014853-B411-4F75-ABAC-D7BED9CCF826}.Debug|Any CPU.Build.0 = Debug|Any CPU
		{0F014853-B411-4F75-ABAC-D7BED9CCF826}.Release|Any CPU.ActiveCfg = Release|Any CPU
		{0F014853-B411-4F75-ABAC-D7BED9CCF826}.Release|Any CPU.Build.0 = Release|Any CPU
	EndGlobalSection
	GlobalSection(SolutionProperties) = preSolution
		HideSolutionNode = FALSE
	EndGlobalSection
	GlobalSection(ExtensibilityGlobals) = postSolution
		SolutionGuid = {D199D969-A4C3-41FC-B013-0151EB0A26CB}
	EndGlobalSection
EndGlobal
